# MSYS2 UCRT64 packages the Windows release toolchain unpacks: name,
# filename, sha256. Rewritten by scripts/msys2-lock.sh; read the diff.
# packages: llvm gcc crt headers winpthreads zlib zstd libffi libxml2 libiconv
mingw-w64-ucrt-x86_64-llvm mingw-w64-ucrt-x86_64-llvm-22.1.8-2-any.pkg.tar.zst 1300100e6a62bfb81870498c5c337366a2c3d2160ba37e475ca6c49d184a2625
mingw-w64-ucrt-x86_64-gcc mingw-w64-ucrt-x86_64-gcc-16.1.0-6-any.pkg.tar.zst 4d756f6506b490efd600458856692a4cb958cfd6860c16d9abd63ad6b041cc5d
mingw-w64-ucrt-x86_64-crt mingw-w64-ucrt-x86_64-crt-14.0.0.r220.gd999af622-1-any.pkg.tar.zst c88943b95bfd98d36a8f29f28ffbee261ddb0fc6f23c442715a761003f2fb0ac
mingw-w64-ucrt-x86_64-headers mingw-w64-ucrt-x86_64-headers-14.0.0.r220.gd999af622-1-any.pkg.tar.zst 1b042ff83021daf0190e2b84b5bcd7d39228874a3a90ee719659cb6a4ce5da02
mingw-w64-ucrt-x86_64-winpthreads mingw-w64-ucrt-x86_64-winpthreads-14.0.0.r220.gd999af622-1-any.pkg.tar.zst 53cb2aea001c48cfdffb8fbc2b8c4b5e383f08ffe1df1f3e1abe576db8ab2a63
mingw-w64-ucrt-x86_64-zlib mingw-w64-ucrt-x86_64-zlib-1.3.2-2-any.pkg.tar.zst 841401182976d2f9e17e5c0ebaac51f2a8014140ea53d67625e91c8fb3c85ea0
mingw-w64-ucrt-x86_64-zstd mingw-w64-ucrt-x86_64-zstd-1.5.7-2-any.pkg.tar.zst dbdb8427280046a2b41697780aa4c52983b708082b0da4755951dc3bea96ca89
mingw-w64-ucrt-x86_64-libffi mingw-w64-ucrt-x86_64-libffi-3.7.1-1-any.pkg.tar.zst a2db3d8bb97d483c2c6ce12397c4c221f14a4c6870df7a9511aa599c701143f6
mingw-w64-ucrt-x86_64-libxml2 mingw-w64-ucrt-x86_64-libxml2-2.15.3-1-any.pkg.tar.zst 6e52e2d3f887098ff2fb98d3a4ca8fc8f1fd0ad0d6643f76b9a5d5c3e03019e1
mingw-w64-ucrt-x86_64-libiconv mingw-w64-ucrt-x86_64-libiconv-1.19-1-any.pkg.tar.zst 9a500f38c2b91808741c62fae746b3e9110b33a1ecf5c30fa0c66dbedddf7e16
